{
  "originHash" : "3e3882fead0bf222e54c65e33ac9fa3250c4cf51eb32aeae3cce3306ddade2e1",
  "pins" : [
    {
      "identity" : "sparkle",
      "kind" : "remoteSourceControl",
      "location" : "https://github.com/sparkle-project/Sparkle",
      "state" : {
        "revision" : "ac2def288cbff5cfc7df3ffef6abdf45b72bcb0a",
        "version" : "2.9.6"
      }
    }
  ],
  "version" : 3
}
